
Microsoft Visual Studio Solution File, Format Version 12.00
# Visual Studio Version 17
VisualStudioVersion = 17.12.35707.178
MinimumVisualStudioVersion = 10.0.40219.1
Project("{2150E333-8FDC-42A3-9474-1A3956D46DE8}") = "src", "src", "{F49CBAE6-2298-4009-A775-926AE4CD8EE9}"
EndProject
Project("{FAE04EC0-301F-11D3-BF4B-00C04F79EFBC}") = "HttpClient", "HttpClient\HttpClient.csproj", "{CE6EBF69-2CBE-4473-A5B7-AA8C0CD48FC9}"
EndProject
Project("{FAE04EC0-301F-11D3-BF4B-00C04F79EFBC}") = "HttpServer", "HttpServer\HttpServer.csproj", "{63C69F21-0628-43A5-BD6D-C816D5123FD0}"
EndProject
Global
	GlobalSection(SolutionConfigurationPlatforms) = preSolution
		Debug|Any CPU = Debug|Any CPU
		Release|Any CPU = Release|Any CPU
	EndGlobalSection
	GlobalSection(ProjectConfigurationPlatforms) = postSolution
		{CE6EBF69-2CBE-4473-A5B7-AA8C0CD48FC9}.Debug|Any CPU.ActiveCfg = Debug|Any CPU
		{CE6EBF69-2CBE-4473-A5B7-AA8C0CD48FC9}.Debug|Any CPU.Build.0 = Debug|Any CPU
		{CE6EBF69-2CBE-4473-A5B7-AA8C0CD48FC9}.Release|Any CPU.ActiveCfg = Release|Any CPU
		{CE6EBF69-2CBE-4473-A5B7-AA8C0CD48FC9}.Release|Any CPU.Build.0 = Release|Any CPU
		{63C69F21-0628-43A5-BD6D-C816D5123FD0}.Debug|Any CPU.ActiveCfg = Debug|Any CPU
		{63C69F21-0628-43A5-BD6D-C816D5123FD0}.Debug|Any CPU.Build.0 = Debug|Any CPU
		{63C69F21-0628-43A5-BD6D-C816D5123FD0}.Release|Any CPU.ActiveCfg = Release|Any CPU
		{63C69F21-0628-43A5-BD6D-C816D5123FD0}.Release|Any CPU.Build.0 = Release|Any CPU
	EndGlobalSection
	GlobalSection(SolutionProperties) = preSolution
		HideSolutionNode = FALSE
	EndGlobalSection
	GlobalSection(NestedProjects) = preSolution
		{CE6EBF69-2CBE-4473-A5B7-AA8C0CD48FC9} = {F49CBAE6-2298-4009-A775-926AE4CD8EE9}
		{63C69F21-0628-43A5-BD6D-C816D5123FD0} = {F49CBAE6-2298-4009-A775-926AE4CD8EE9}
	EndGlobalSection
EndGlobal
